
Microsoft Visual Studio Solution File, Format Version 12.00
# Visual Studio Version 16
VisualStudioVersion = 16.0.30907.101
MinimumVisualStudioVersion = 10.0.40219.1
Project("{9A19103F-16F7-4668-BE54-9A1E7A4F7556}") = "Histogram.API", "Histogram.API\Histogram.API.csproj", "{D3611187-B1B9-450E-B811-4B1A2C692716}"
EndProject
Project("{9A19103F-16F7-4668-BE54-9A1E7A4F7556}") = "Histogram.LIB", "Histogram.LIB\Histogram.LIB.csproj", "{8EDEC110-7A88-476E-A01A-59DC7B1852E2}"
EndProject
Global
	GlobalSection(SolutionConfigurationPlatforms) = preSolution
		Debug|Any CPU = Debug|Any CPU
		Release|Any CPU = Release|Any CPU
	EndGlobalSection
	GlobalSection(ProjectConfigurationPlatforms) = postSolution
		{D3611187-B1B9-450E-B811-4B1A2C692716}.Debug|Any CPU.ActiveCfg = Debug|Any CPU
		{D3611187-B1B9-450E-B811-4B1A2C692716}.Debug|Any CPU.Build.0 = Debug|Any CPU
		{D3611187-B1B9-450E-B811-4B1A2C692716}.Release|Any CPU.ActiveCfg = Release|Any CPU
		{D3611187-B1B9-450E-B811-4B1A2C692716}.Release|Any CPU.Build.0 = Release|Any CPU
		{8EDEC110-7A88-476E-A01A-59DC7B1852E2}.Debug|Any CPU.ActiveCfg = Debug|Any CPU
		{8EDEC110-7A88-476E-A01A-59DC7B1852E2}.Debug|Any CPU.Build.0 = Debug|Any CPU
		{8EDEC110-7A88-476E-A01A-59DC7B1852E2}.Release|Any CPU.ActiveCfg = Release|Any CPU
		{8EDEC110-7A88-476E-A01A-59DC7B1852E2}.Release|Any CPU.Build.0 = Release|Any CPU
	EndGlobalSection
	GlobalSection(SolutionProperties) = preSolution
		HideSolutionNode = FALSE
	EndGlobalSection
	GlobalSection(ExtensibilityGlobals) = postSolution
		SolutionGuid = {675041CC-0E60-439C-83AE-AFA2BFA8B093}
	EndGlobalSection
EndGlobal
